{
  "name": "tls-forge-node-example",
  "lockfileVersion": 3,
  "requires": true,
  "packages": {
    "": {
      "name": "tls-forge-node-example",
      "dependencies": {
        "tls-forge": "file:../../node"
      },
      "engines": {
        "node": ">=20.12"
      }
    },
    "../../node": {
      "name": "tls-forge",
      "version": "0.0.0-dev",
      "license": "Apache-2.0",
      "engines": {
        "node": ">=20.12"
      },
      "optionalDependencies": {
        "@sec-ch-lemon/tls-forge-darwin-arm64": "0.0.0-dev",
        "@sec-ch-lemon/tls-forge-darwin-x64": "0.0.0-dev",
        "@sec-ch-lemon/tls-forge-linux-arm64": "0.0.0-dev",
        "@sec-ch-lemon/tls-forge-linux-x64": "0.0.0-dev",
        "@sec-ch-lemon/tls-forge-win32-x64": "0.0.0-dev"
      }
    },
    "node_modules/tls-forge": {
      "resolved": "../../node",
      "link": true
    }
  }
}
